
Microsoft Visual Studio Solution File, Format Version 12.00
# Visual Studio Version 17
VisualStudioVersion = 17.4.33103.184
MinimumVisualStudioVersion = 10.0.40219.1
Project("{9A19103F-16F7-4668-BE54-9A1E7A4F7556}") = "Net5API", "Net5API\Net5API.csproj", "{A61CB7CC-9788-421C-BAC1-426F2AE802B8}"
EndProject
Project("{9A19103F-16F7-4668-BE54-9A1E7A4F7556}") = "Net3.API", "Net3.API\Net3.API.csproj", "{FC01A23D-330C-4615-859E-0492BF4DF68D}"
EndProject
Project("{9A19103F-16F7-4668-BE54-9A1E7A4F7556}") = "Net6.API", "Net6.API\Net6.API.csproj", "{66FC9DEF-4D44-4957-B31C-972A04A17979}"
EndProject
Project("{9A19103F-16F7-4668-BE54-9A1E7A4F7556}") = "Net6.API2", "Net6.API2\Net6.API2.csproj", "{02B50064-C20C-42C4-A432-24BC81493F3F}"
EndProject
Project("{9A19103F-16F7-4668-BE54-9A1E7A4F7556}") = "AzureStorageLibrary", "AzureStorageLibrary\AzureStorageLibrary.csproj", "{D27A1541-90CB-497C-B5A4-FBB6C8BD844B}"
EndProject
Project("{9A19103F-16F7-4668-BE54-9A1E7A4F7556}") = "MvcWebApp", "MvcWebApp\MvcWebApp.csproj", "{3536E031-7A19-4DDC-9571-DF7554C2A0B5}"
EndProject
Project("{FAE04EC0-301F-11D3-BF4B-00C04F79EFBC}") = "AzureStorage", "AzureStorage\AzureStorage.csproj", "{407BD869-3C82-4437-8090-494C044C7C08}"
EndProject
Global
	GlobalSection(SolutionConfigurationPlatforms) = preSolution
		Debug|Any CPU = Debug|Any CPU
		Release|Any CPU = Release|Any CPU
	EndGlobalSection
	GlobalSection(ProjectConfigurationPlatforms) = postSolution
		{A61CB7CC-9788-421C-BAC1-426F2AE802B8}.Debug|Any CPU.ActiveCfg = Debug|Any CPU
		{A61CB7CC-9788-421C-BAC1-426F2AE802B8}.Debug|Any CPU.Build.0 = Debug|Any CPU
		{A61CB7CC-9788-421C-BAC1-426F2AE802B8}.Release|Any CPU.ActiveCfg = Release|Any CPU
		{A61CB7CC-9788-421C-BAC1-426F2AE802B8}.Release|Any CPU.Build.0 = Release|Any CPU
		{FC01A23D-330C-4615-859E-0492BF4DF68D}.Debug|Any CPU.ActiveCfg = Debug|Any CPU
		{FC01A23D-330C-4615-859E-0492BF4DF68D}.Debug|Any CPU.Build.0 = Debug|Any CPU
		{FC01A23D-330C-4615-859E-0492BF4DF68D}.Release|Any CPU.ActiveCfg = Release|Any CPU
		{FC01A23D-330C-4615-859E-0492BF4DF68D}.Release|Any CPU.Build.0 = Release|Any CPU
		{66FC9DEF-4D44-4957-B31C-972A04A17979}.Debug|Any CPU.ActiveCfg = Debug|Any CPU
		{66FC9DEF-4D44-4957-B31C-972A04A17979}.Debug|Any CPU.Build.0 = Debug|Any CPU
		{66FC9DEF-4D44-4957-B31C-972A04A17979}.Release|Any CPU.ActiveCfg = Release|Any CPU
		{66FC9DEF-4D44-4957-B31C-972A04A17979}.Release|Any CPU.Build.0 = Release|Any CPU
		{02B50064-C20C-42C4-A432-24BC81493F3F}.Debug|Any CPU.ActiveCfg = Debug|Any CPU
		{02B50064-C20C-42C4-A432-24BC81493F3F}.Debug|Any CPU.Build.0 = Debug|Any CPU
		{02B50064-C20C-42C4-A432-24BC81493F3F}.Release|Any CPU.ActiveCfg = Release|Any CPU
		{02B50064-C20C-42C4-A432-24BC81493F3F}.Release|Any CPU.Build.0 = Release|Any CPU
		{D27A1541-90CB-497C-B5A4-FBB6C8BD844B}.Debug|Any CPU.ActiveCfg = Debug|Any CPU
		{D27A1541-90CB-497C-B5A4-FBB6C8BD844B}.Debug|Any CPU.Build.0 = Debug|Any CPU
		{D27A1541-90CB-497C-B5A4-FBB6C8BD844B}.Release|Any CPU.ActiveCfg = Release|Any CPU
		{D27A1541-90CB-497C-B5A4-FBB6C8BD844B}.Release|Any CPU.Build.0 = Release|Any CPU
		{3536E031-7A19-4DDC-9571-DF7554C2A0B5}.Debug|Any CPU.ActiveCfg = Debug|Any CPU
		{3536E031-7A19-4DDC-9571-DF7554C2A0B5}.Debug|Any CPU.Build.0 = Debug|Any CPU
		{3536E031-7A19-4DDC-9571-DF7554C2A0B5}.Release|Any CPU.ActiveCfg = Release|Any CPU
		{3536E031-7A19-4DDC-9571-DF7554C2A0B5}.Release|Any CPU.Build.0 = Release|Any CPU
		{407BD869-3C82-4437-8090-494C044C7C08}.Debug|Any CPU.ActiveCfg = Debug|Any CPU
		{407BD869-3C82-4437-8090-494C044C7C08}.Debug|Any CPU.Build.0 = Debug|Any CPU
		{407BD869-3C82-4437-8090-494C044C7C08}.Release|Any CPU.ActiveCfg = Release|Any CPU
		{407BD869-3C82-4437-8090-494C044C7C08}.Release|Any CPU.Build.0 = Release|Any CPU
	EndGlobalSection
	GlobalSection(SolutionProperties) = preSolution
		HideSolutionNode = FALSE
	EndGlobalSection
	GlobalSection(ExtensibilityGlobals) = postSolution
		SolutionGuid = {0F8B59A6-37E6-4682-A622-8FCFF1E539D6}
	EndGlobalSection
EndGlobal
